// !$*UTF8*$!
{
	archiveVersion = 1;
	classes = {
	};
	objectVersion = 50;
	objects = {

/* Begin PBXBuildFile section */
		BD686FE421CB547900346D87 /* EmotionalAnalysisInteractor.swift in Sources */ = {isa = PBXBuildFile; fileRef = BD686FE321CB547900346D87 /* EmotionalAnalysisInteractor.swift */; };
		BDF0E54821C8577200B3E5C9 /* AppDelegate.swift in Sources */ = {isa = PBXBuildFile; fileRef = BDF0E54721C8577200B3E5C9 /* AppDelegate.swift */; };
		BDF0E54A21C8577200B3E5C9 /* ViewController.swift in Sources */ = {isa = PBXBuildFile; fileRef = BDF0E54921C8577200B3E5C9 /* ViewController.swift */; };
		BDF0E54D21C8577200B3E5C9 /* Main.storyboard in Resources */ = {isa = PBXBuildFile; fileRef = BDF0E54B21C8577200B3E5C9 /* Main.storyboard */; };
		BDF0E55021C8577200B3E5C9 /* TweetEmotion.xcdatamodeld in Sources */ = {isa = PBXBuildFile; fileRef = BDF0E54E21C8577200B3E5C9 /* TweetEmotion.xcdatamodeld */; };
		BDF0E55221C8577400B3E5C9 /* Assets.xcassets in Resources */ = {isa = PBXBuildFile; fileRef = BDF0E55121C8577400B3E5C9 /* Assets.xcassets */; };
		BDF0E55521C8577400B3E5C9 /* LaunchScreen.storyboard in Resources */ = {isa = PBXBuildFile; fileRef = BDF0E55321C8577400B3E5C9 /* LaunchScreen.storyboard */; };
		BDF0E56021C8577400B3E5C9 /* TweetEmotionTests.swift in Sources */ = {isa = PBXBuildFile; fileRef = BDF0E55F21C8577400B3E5C9 /* TweetEmotionTests.swift */; };
		BDF0E56B21C8577400B3E5C9 /* TweetEmotionUITests.swift in Sources */ = {isa = PBXBuildFile; fileRef = BDF0E56A21C8577400B3E5C9 /* TweetEmotionUITests.swift */; };
		BDF0E58321C8A07D00B3E5C9 /* TweetDetailPresenter.swift in Sources */ = {isa = PBXBuildFile; fileRef = BDF0E58221C8A07D00B3E5C9 /* TweetDetailPresenter.swift */; };
		BDF2A23C21CB1C9600FD4CD9 /* TimelinePresenter.swift in Sources */ = {isa = PBXBuildFile; fileRef = BDF2A23B21CB1C9600FD4CD9 /* TimelinePresenter.swift */; };
		BDF2A23E21CB1CAD00FD4CD9 /* TimelineInteractor.swift in Sources */ = {isa = PBXBuildFile; fileRef = BDF2A23D21CB1CAD00FD4CD9 /* TimelineInteractor.swift */; };
		BDF2A24021CB1CD700FD4CD9 /* UserSearchPresenter.swift in Sources */ = {isa = PBXBuildFile; fileRef = BDF2A23F21CB1CD700FD4CD9 /* UserSearchPresenter.swift */; };
		BDF2A24421CB1D1400FD4CD9 /* UserSearchInteractor.swift in Sources */ = {isa = PBXBuildFile; fileRef = BDF2A24321CB1D1400FD4CD9 /* UserSearchInteractor.swift */; };
		BDF2A24621CB1E9200FD4CD9 /* TweetViewModel.swift in Sources */ = {isa = PBXBuildFile; fileRef = BDF2A24521CB1E9200FD4CD9 /* TweetViewModel.swift */; };
		BDF2A24821CB1EA300FD4CD9 /* UserViewModel.swift in Sources */ = {isa = PBXBuildFile; fileRef = BDF2A24721CB1EA300FD4CD9 /* UserViewModel.swift */; };
		BDF2A24E21CB392700FD4CD9 /* Tweet.swift in Sources */ = {isa = PBXBuildFile; fileRef = BDF2A24D21CB392700FD4CD9 /* Tweet.swift */; };
		BDF2A25021CB393600FD4CD9 /* User.swift in Sources */ = {isa = PBXBuildFile; fileRef = BDF2A24F21CB393600FD4CD9 /* User.swift */; };
/* End PBXBuildFile section */

/* Begin PBXContainerItemProxy section */
		BDF0E55C21C8577400B3E5C9 /* PBXContainerItemProxy */ = {
			isa = PBXContainerItemProxy;
			containerPortal = BDF0E53C21C8577200B3E5C9 /* Project object */;
			proxyType = 1;
			remoteGlobalIDString = BDF0E54321C8577200B3E5C9;
			remoteInfo = TweetEmotion;
		};
		BDF0E56721C8577400B3E5C9 /* PBXContainerItemProxy */ = {
			isa = PBXContainerItemProxy;
			containerPortal = BDF0E53C21C8577200B3E5C9 /* Project object */;
			proxyType = 1;
			remoteGlobalIDString = BDF0E54321C8577200B3E5C9;
			remoteInfo = TweetEmotion;
		};
/* End PBXContainerItemProxy section */

/* Begin PBXFileReference section */
		BD686FE321CB547900346D87 /* EmotionalAnalysisInteractor.swift */ = {isa = PBXFileReference; lastKnownFileType = sourcecode.swift; path = EmotionalAnalysisInteractor.swift; sourceTree = "<group>"; };
		BDF0E54421C8577200B3E5C9 /* TweetEmotion.app */ = {isa = PBXFileReference; explicitFileType = wrapper.application; includeInIndex = 0; path = TweetEmotion.app; sourceTree = BUILT_PRODUCTS_DIR; };
		BDF0E54721C8577200B3E5C9 /* AppDelegate.swift */ = {isa = PBXFileReference; lastKnownFileType = sourcecode.swift; path = AppDelegate.swift; sourceTree = "<group>"; };
		BDF0E54921C8577200B3E5C9 /* ViewController.swift */ = {isa = PBXFileReference; lastKnownFileType = sourcecode.swift; path = ViewController.swift; sourceTree = "<group>"; };
		BDF0E54C21C8577200B3E5C9 /* Base */ = {isa = PBXFileReference; lastKnownFileType = file.storyboard; name = Base; path = Base.lproj/Main.storyboard; sourceTree = "<group>"; };
		BDF0E54F21C8577200B3E5C9 /* TweetEmotion.xcdatamodel */ = {isa = PBXFileReference; lastKnownFileType = wrapper.xcdatamodel; path = TweetEmotion.xcdatamodel; sourceTree = "<group>"; };
		BDF0E55121C8577400B3E5C9 /* Assets.xcassets */ = {isa = PBXFileReference; lastKnownFileType = folder.assetcatalog; path = Assets.xcassets; sourceTree = "<group>"; };
		BDF0E55421C8577400B3E5C9 /* Base */ = {isa = PBXFileReference; lastKnownFileType = file.storyboard; name = Base; path = Base.lproj/LaunchScreen.storyboard; sourceTree = "<group>"; };
		BDF0E55621C8577400B3E5C9 /* Info.plist */ = {isa = PBXFileReference; lastKnownFileType = text.plist.xml; path = Info.plist; sourceTree = "<group>"; };
		BDF0E55B21C8577400B3E5C9 /* TweetEmotionTests.xctest */ = {isa = PBXFileReference; explicitFileType = wrapper.cfbundle; includeInIndex = 0; path = TweetEmotionTests.xctest; sourceTree = BUILT_PRODUCTS_DIR; };
		BDF0E55F21C8577400B3E5C9 /* TweetEmotionTests.swift */ = {isa = PBXFileReference; lastKnownFileType = sourcecode.swift; path = TweetEmotionTests.swift; sourceTree = "<group>"; };
		BDF0E56121C8577400B3E5C9 /* Info.plist */ = {isa = PBXFileReference; lastKnownFileType = text.plist.xml; path = Info.plist; sourceTree = "<group>"; };
		BDF0E56621C8577400B3E5C9 /* TweetEmotionUITests.xctest */ = {isa = PBXFileReference; explicitFileType = wrapper.cfbundle; includeInIndex = 0; path = TweetEmotionUITests.xctest; sourceTree = BUILT_PRODUCTS_DIR; };
		BDF0E56A21C8577400B3E5C9 /* TweetEmotionUITests.swift */ = {isa = PBXFileReference; lastKnownFileType = sourcecode.swift; path = TweetEmotionUITests.swift; sourceTree = "<group>"; };
		BDF0E56C21C8577400B3E5C9 /* Info.plist */ = {isa = PBXFileReference; lastKnownFileType = text.plist.xml; path = Info.plist; sourceTree = "<group>"; };
		BDF0E58221C8A07D00B3E5C9 /* TweetDetailPresenter.swift */ = {isa = PBXFileReference; lastKnownFileType = sourcecode.swift; path = TweetDetailPresenter.swift; sourceTree = "<group>"; };
		BDF2A23B21CB1C9600FD4CD9 /* TimelinePresenter.swift */ = {isa = PBXFileReference; lastKnownFileType = sourcecode.swift; path = TimelinePresenter.swift; sourceTree = "<group>"; };
		BDF2A23D21CB1CAD00FD4CD9 /* TimelineInteractor.swift */ = {isa = PBXFileReference; lastKnownFileType = sourcecode.swift; path = TimelineInteractor.swift; sourceTree = "<group>"; };
		BDF2A23F21CB1CD700FD4CD9 /* UserSearchPresenter.swift */ = {isa = PBXFileReference; lastKnownFileType = sourcecode.swift; path = UserSearchPresenter.swift; sourceTree = "<group>"; };
		BDF2A24321CB1D1400FD4CD9 /* UserSearchInteractor.swift */ = {isa = PBXFileReference; lastKnownFileType = sourcecode.swift; path = UserSearchInteractor.swift; sourceTree = "<group>"; };
		BDF2A24521CB1E9200FD4CD9 /* TweetViewModel.swift */ = {isa = PBXFileReference; lastKnownFileType = sourcecode.swift; path = TweetViewModel.swift; sourceTree = "<group>"; };
		BDF2A24721CB1EA300FD4CD9 /* UserViewModel.swift */ = {isa = PBXFileReference; lastKnownFileType = sourcecode.swift; path = UserViewModel.swift; sourceTree = "<group>"; };
		BDF2A24D21CB392700FD4CD9 /* Tweet.swift */ = {isa = PBXFileReference; lastKnownFileType = sourcecode.swift; path = Tweet.swift; sourceTree = "<group>"; };
		BDF2A24F21CB393600FD4CD9 /* User.swift */ = {isa = PBXFileReference; lastKnownFileType = sourcecode.swift; path = User.swift; sourceTree = "<group>"; };
/* End PBXFileReference section */

/* Begin PBXFrameworksBuildPhase section */
		BDF0E54121C8577200B3E5C9 /* Frameworks */ = {
			isa = PBXFrameworksBuildPhase;
			buildActionMask = 2147483647;
			files = (
			);
			runOnlyForDeploymentPostprocessing = 0;
		};
		BDF0E55821C8577400B3E5C9 /* Frameworks */ = {
			isa = PBXFrameworksBuildPhase;
			buildActionMask = 2147483647;
			files = (
			);
			runOnlyForDeploymentPostprocessing = 0;
		};
		BDF0E56321C8577400B3E5C9 /* Frameworks */ = {
			isa = PBXFrameworksBuildPhase;
			buildActionMask = 2147483647;
			files = (
			);
			runOnlyForDeploymentPostprocessing = 0;
		};
/* End PBXFrameworksBuildPhase section */

/* Begin PBXGroup section */
		BDF0E53B21C8577200B3E5C9 = {
			isa = PBXGroup;
			children = (
				BDF0E54621C8577200B3E5C9 /* TweetEmotion */,
				BDF0E55E21C8577400B3E5C9 /* TweetEmotionTests */,
				BDF0E56921C8577400B3E5C9 /* TweetEmotionUITests */,
				BDF0E54521C8577200B3E5C9 /* Products */,
			);
			sourceTree = "<group>";
		};
		BDF0E54521C8577200B3E5C9 /* Products */ = {
			isa = PBXGroup;
			children = (
				BDF0E54421C8577200B3E5C9 /* TweetEmotion.app */,
				BDF0E55B21C8577400B3E5C9 /* TweetEmotionTests.xctest */,
				BDF0E56621C8577400B3E5C9 /* TweetEmotionUITests.xctest */,
			);
			name = Products;
			sourceTree = "<group>";
		};
		BDF0E54621C8577200B3E5C9 /* TweetEmotion */ = {
			isa = PBXGroup;
			children = (
				BDF0E54721C8577200B3E5C9 /* AppDelegate.swift */,
				BDF0E54921C8577200B3E5C9 /* ViewController.swift */,
				BDF0E54B21C8577200B3E5C9 /* Main.storyboard */,
				BDF0E55121C8577400B3E5C9 /* Assets.xcassets */,
				BDF0E55321C8577400B3E5C9 /* LaunchScreen.storyboard */,
				BDF0E55621C8577400B3E5C9 /* Info.plist */,
				BDF0E54E21C8577200B3E5C9 /* TweetEmotion.xcdatamodeld */,
				BDF2A23821CB1BD000FD4CD9 /* Timeline */,
				BDF2A23921CB1C3C00FD4CD9 /* Tweet */,
				BDF2A23A21CB1C4D00FD4CD9 /* User */,
			);
			path = TweetEmotion;
			sourceTree = "<group>";
		};
		BDF0E55E21C8577400B3E5C9 /* TweetEmotionTests */ = {
			isa = PBXGroup;
			children = (
				BDF0E55F21C8577400B3E5C9 /* TweetEmotionTests.swift */,
				BDF0E56121C8577400B3E5C9 /* Info.plist */,
			);
			path = TweetEmotionTests;
			sourceTree = "<group>";
		};
		BDF0E56921C8577400B3E5C9 /* TweetEmotionUITests */ = {
			isa = PBXGroup;
			children = (
				BDF0E56A21C8577400B3E5C9 /* TweetEmotionUITests.swift */,
				BDF0E56C21C8577400B3E5C9 /* Info.plist */,
			);
			path = TweetEmotionUITests;
			sourceTree = "<group>";
		};
		BDF2A23821CB1BD000FD4CD9 /* Timeline */ = {
			isa = PBXGroup;
			children = (
				BDF2A23B21CB1C9600FD4CD9 /* TimelinePresenter.swift */,
				BDF2A23D21CB1CAD00FD4CD9 /* TimelineInteractor.swift */,
			);
			path = Timeline;
			sourceTree = "<group>";
		};
		BDF2A23921CB1C3C00FD4CD9 /* Tweet */ = {
			isa = PBXGroup;
			children = (
				BDF2A24D21CB392700FD4CD9 /* Tweet.swift */,
				BDF0E58221C8A07D00B3E5C9 /* TweetDetailPresenter.swift */,
				BD686FE321CB547900346D87 /* EmotionalAnalysisInteractor.swift */,
				BDF2A24521CB1E9200FD4CD9 /* TweetViewModel.swift */,
			);
			path = Tweet;
			sourceTree = "<group>";
		};
		BDF2A23A21CB1C4D00FD4CD9 /* User */ = {
			isa = PBXGroup;
			children = (
				BDF2A24F21CB393600FD4CD9 /* User.swift */,
				BDF2A23F21CB1CD700FD4CD9 /* UserSearchPresenter.swift */,
				BDF2A24321CB1D1400FD4CD9 /* UserSearchInteractor.swift */,
				BDF2A24721CB1EA300FD4CD9 /* UserViewModel.swift */,
			);
			path = User;
			sourceTree = "<group>";
		};
/* End PBXGroup section */

/* Begin PBXNativeTarget section */
		BDF0E54321C8577200B3E5C9 /* TweetEmotion */ = {
			isa = PBXNativeTarget;
			buildConfigurationList = BDF0E56F21C8577400B3E5C9 /* Build configuration list for PBXNativeTarget "TweetEmotion" */;
			buildPhases = (
				BDF0E54021C8577200B3E5C9 /* Sources */,
				BDF0E54121C8577200B3E5C9 /* Frameworks */,
				BDF0E54221C8577200B3E5C9 /* Resources */,
			);
			buildRules = (
			);
			dependencies = (
			);
			name = TweetEmotion;
			productName = TweetEmotion;
			productReference = BDF0E54421C8577200B3E5C9 /* TweetEmotion.app */;
			productType = "com.apple.product-type.application";
		};
		BDF0E55A21C8577400B3E5C9 /* TweetEmotionTests */ = {
			isa = PBXNativeTarget;
			buildConfigurationList = BDF0E57221C8577400B3E5C9 /* Build configuration list for PBXNativeTarget "TweetEmotionTests" */;
			buildPhases = (
				BDF0E55721C8577400B3E5C9 /* Sources */,
				BDF0E55821C8577400B3E5C9 /* Frameworks */,
				BDF0E55921C8577400B3E5C9 /* Resources */,
			);
			buildRules = (
			);
			dependencies = (
				BDF0E55D21C8577400B3E5C9 /* PBXTargetDependency */,
			);
			name = TweetEmotionTests;
			productName = TweetEmotionTests;
			productReference = BDF0E55B21C8577400B3E5C9 /* TweetEmotionTests.xctest */;
			productType = "com.apple.product-type.bundle.unit-test";
		};
		BDF0E56521C8577400B3E5C9 /* TweetEmotionUITests */ = {
			isa = PBXNativeTarget;
			buildConfigurationList = BDF0E57521C8577400B3E5C9 /* Build configuration list for PBXNativeTarget "TweetEmotionUITests" */;
			buildPhases = (
				BDF0E56221C8577400B3E5C9 /* Sources */,
				BDF0E56321C8577400B3E5C9 /* Frameworks */,
				BDF0E56421C8577400B3E5C9 /* Resources */,
			);
			buildRules = (
			);
			dependencies = (
				BDF0E56821C8577400B3E5C9 /* PBXTargetDependency */,
			);
			name = TweetEmotionUITests;
			productName = TweetEmotionUITests;
			productReference = BDF0E56621C8577400B3E5C9 /* TweetEmotionUITests.xctest */;
			productType = "com.apple.product-type.bundle.ui-testing";
		};
/* End PBXNativeTarget section */

/* Begin PBXProject section */
		BDF0E53C21C8577200B3E5C9 /* Project object */ = {
			isa = PBXProject;
			attributes = {
				LastSwiftUpdateCheck = 1010;
				LastUpgradeCheck = 1010;
				ORGANIZATIONNAME = "Ricardo Carvalho";
				TargetAttributes = {
					BDF0E54321C8577200B3E5C9 = {
						CreatedOnToolsVersion = 10.1;
					};
					BDF0E55A21C8577400B3E5C9 = {
						CreatedOnToolsVersion = 10.1;
						TestTargetID = BDF0E54321C8577200B3E5C9;
					};
					BDF0E56521C8577400B3E5C9 = {
						CreatedOnToolsVersion = 10.1;
						TestTargetID = BDF0E54321C8577200B3E5C9;
					};
				};
			};
			buildConfigurationList = BDF0E53F21C8577200B3E5C9 /* Build configuration list for PBXProject "TweetEmotion" */;
			compatibilityVersion = "Xcode 9.3";
			developmentRegion = en;
			hasScannedForEncodings = 0;
			knownRegions = (
				en,
				Base,
			);
			mainGroup = BDF0E53B21C8577200B3E5C9;
			productRefGroup = BDF0E54521C8577200B3E5C9 /* Products */;
			projectDirPath = "";
			projectRoot = "";
			targets = (
				BDF0E54321C8577200B3E5C9 /* TweetEmotion */,
				BDF0E55A21C8577400B3E5C9 /* TweetEmotionTests */,
				BDF0E56521C8577400B3E5C9 /* TweetEmotionUITests */,
			);
		};
/* End PBXProject section */

/* Begin PBXResourcesBuildPhase section */
		BDF0E54221C8577200B3E5C9 /* Resources */ = {
			isa = PBXResourcesBuildPhase;
			buildActionMask = 2147483647;
			files = (
				BDF0E55521C8577400B3E5C9 /* LaunchScreen.storyboard in Resources */,
				BDF0E55221C8577400B3E5C9 /* Assets.xcassets in Resources */,
				BDF0E54D21C8577200B3E5C9 /* Main.storyboard in Resources */,
			);
			runOnlyForDeploymentPostprocessing = 0;
		};
		BDF0E55921C8577400B3E5C9 /* Resources */ = {
			isa = PBXResourcesBuildPhase;
			buildActionMask = 2147483647;
			files = (
			);
			runOnlyForDeploymentPostprocessing = 0;
		};
		BDF0E56421C8577400B3E5C9 /* Resources */ = {
			isa = PBXResourcesBuildPhase;
			buildActionMask = 2147483647;
			files = (
			);
			runOnlyForDeploymentPostprocessing = 0;
		};
/* End PBXResourcesBuildPhase section */

/* Begin PBXSourcesBuildPhase section */
		BDF0E54021C8577200B3E5C9 /* Sources */ = {
			isa = PBXSourcesBuildPhase;
			buildActionMask = 2147483647;
			files = (
				BDF2A24021CB1CD700FD4CD9 /* UserSearchPresenter.swift in Sources */,
				BDF2A24821CB1EA300FD4CD9 /* UserViewModel.swift in Sources */,
				BDF2A23E21CB1CAD00FD4CD9 /* TimelineInteractor.swift in Sources */,
				BDF2A24E21CB392700FD4CD9 /* Tweet.swift in Sources */,
				BDF2A25021CB393600FD4CD9 /* User.swift in Sources */,
				BD686FE421CB547900346D87 /* EmotionalAnalysisInteractor.swift in Sources */,
				BDF0E58321C8A07D00B3E5C9 /* TweetDetailPresenter.swift in Sources */,
				BDF2A24421CB1D1400FD4CD9 /* UserSearchInteractor.swift in Sources */,
				BDF2A23C21CB1C9600FD4CD9 /* TimelinePresenter.swift in Sources */,
				BDF2A24621CB1E9200FD4CD9 /* TweetViewModel.swift in Sources */,
				BDF0E55021C8577200B3E5C9 /* TweetEmotion.xcdatamodeld in Sources */,
				BDF0E54A21C8577200B3E5C9 /* ViewController.swift in Sources */,
				BDF0E54821C8577200B3E5C9 /* AppDelegate.swift in Sources */,
			);
			runOnlyForDeploymentPostprocessing = 0;
		};
		BDF0E55721C8577400B3E5C9 /* Sources */ = {
			isa = PBXSourcesBuildPhase;
			buildActionMask = 2147483647;
			files = (
				BDF0E56021C8577400B3E5C9 /* TweetEmotionTests.swift in Sources */,
			);
			runOnlyForDeploymentPostprocessing = 0;
		};
		BDF0E56221C8577400B3E5C9 /* Sources */ = {
			isa = PBXSourcesBuildPhase;
			buildActionMask = 2147483647;
			files = (
				BDF0E56B21C8577400B3E5C9 /* TweetEmotionUITests.swift in Sources */,
			);
			runOnlyForDeploymentPostprocessing = 0;
		};
/* End PBXSourcesBuildPhase section */

/* Begin PBXTargetDependency section */
		BDF0E55D21C8577400B3E5C9 /* PBXTargetDependency */ = {
			isa = PBXTargetDependency;
			target = BDF0E54321C8577200B3E5C9 /* TweetEmotion */;
			targetProxy = BDF0E55C21C8577400B3E5C9 /* PBXContainerItemProxy */;
		};
		BDF0E56821C8577400B3E5C9 /* PBXTargetDependency */ = {
			isa = PBXTargetDependency;
			target = BDF0E54321C8577200B3E5C9 /* TweetEmotion */;
			targetProxy = BDF0E56721C8577400B3E5C9 /* PBXContainerItemProxy */;
		};
/* End PBXTargetDependency section */

/* Begin PBXVariantGroup section */
		BDF0E54B21C8577200B3E5C9 /* Main.storyboard */ = {
			isa = PBXVariantGroup;
			children = (
				BDF0E54C21C8577200B3E5C9 /* Base */,
			);
			name = Main.storyboard;
			sourceTree = "<group>";
		};
		BDF0E55321C8577400B3E5C9 /* LaunchScreen.storyboard */ = {
			isa = PBXVariantGroup;
			children = (
				BDF0E55421C8577400B3E5C9 /* Base */,
			);
			name = LaunchScreen.storyboard;
			sourceTree = "<group>";
		};
/* End PBXVariantGroup section */

/* Begin XCBuildConfiguration section */
		BDF0E56D21C8577400B3E5C9 /* Debug */ = {
			isa = XCBuildConfiguration;
			buildSettings = {
				ALWAYS_SEARCH_USER_PATHS = NO;
				CLANG_ANALYZER_NONNULL = YES;
				CLANG_ANALYZER_NUMBER_OBJECT_CONVERSION = YES_AGGRESSIVE;
				CLANG_CXX_LANGUAGE_STANDARD = "gnu++14";
				CLANG_CXX_LIBRARY = "libc++";
				CLANG_ENABLE_MODULES = YES;
				CLANG_ENABLE_OBJC_ARC = YES;
				CLANG_ENABLE_OBJC_WEAK = YES;
				CLANG_WARN_BLOCK_CAPTURE_AUTORELEASING = YES;
				CLANG_WARN_BOOL_CONVERSION = YES;
				CLANG_WARN_COMMA = YES;
				CLANG_WARN_CONSTANT_CONVERSION = YES;
				CLANG_WARN_DEPRECATED_OBJC_IMPLEMENTATIONS = YES;
				CLANG_WARN_DIRECT_OBJC_ISA_USAGE = YES_ERROR;
				CLANG_WARN_DOCUMENTATION_COMMENTS = YES;
				CLANG_WARN_EMPTY_BODY = YES;
				CLANG_WARN_ENUM_CONVERSION = YES;
				CLANG_WARN_INFINITE_RECURSION = YES;
				CLANG_WARN_INT_CONVERSION = YES;
				CLANG_WARN_NON_LITERAL_NULL_CONVERSION = YES;
				CLANG_WARN_OBJC_IMPLICIT_RETAIN_SELF = YES;
				CLANG_WARN_OBJC_LITERAL_CONVERSION = YES;
				CLANG_WARN_OBJC_ROOT_CLASS = YES_ERROR;
				CLANG_WARN_RANGE_LOOP_ANALYSIS = YES;
				CLANG_WARN_STRICT_PROTOTYPES = YES;
				CLANG_WARN_SUSPICIOUS_MOVE = YES;
				CLANG_WARN_UNGUARDED_AVAILABILITY = YES_AGGRESSIVE;
				CLANG_WARN_UNREACHABLE_CODE = YES;
				CLANG_WARN__DUPLICATE_METHOD_MATCH = YES;
				CODE_SIGN_IDENTITY = "iPhone Developer";
				COPY_PHASE_STRIP = NO;
				DEBUG_INFORMATION_FORMAT = dwarf;
				ENABLE_STRICT_OBJC_MSGSEND = YES;
				ENABLE_TESTABILITY = YES;
				GCC_C_LANGUAGE_STANDARD = gnu11;
				GCC_DYNAMIC_NO_PIC = NO;
				GCC_NO_COMMON_BLOCKS = YES;
				GCC_OPTIMIZATION_LEVEL = 0;
				GCC_PREPROCESSOR_DEFINITIONS = (
					"DEBUG=1",
					"$(inherited)",
				);
				GCC_WARN_64_TO_32_BIT_CONVERSION = YES;
				GCC_WARN_ABOUT_RETURN_TYPE = YES_ERROR;
				GCC_WARN_UNDECLARED_SELECTOR = YES;
				GCC_WARN_UNINITIALIZED_AUTOS = YES_AGGRESSIVE;
				GCC_WARN_UNUSED_FUNCTION = YES;
				GCC_WARN_UNUSED_VARIABLE = YES;
				IPHONEOS_DEPLOYMENT_TARGET = 12.1;
				MTL_ENABLE_DEBUG_INFO = INCLUDE_SOURCE;
				MTL_FAST_MATH = YES;
				ONLY_ACTIVE_ARCH = YES;
				SDKROOT = iphoneos;
				SWIFT_ACTIVE_COMPILATION_CONDITIONS = DEBUG;
				SWIFT_OPTIMIZATION_LEVEL = "-Onone";
			};
			name = Debug;
		};
		BDF0E56E21C8577400B3E5C9 /* Release */ = {
			isa = XCBuildConfiguration;
			buildSettings = {
				ALWAYS_SEARCH_USER_PATHS = NO;
				CLANG_ANALYZER_NONNULL = YES;
				CLANG_ANALYZER_NUMBER_OBJECT_CONVERSION = YES_AGGRESSIVE;
				CLANG_CXX_LANGUAGE_STANDARD = "gnu++14";
				CLANG_CXX_LIBRARY = "libc++";
				CLANG_ENABLE_MODULES = YES;
				CLANG_ENABLE_OBJC_ARC = YES;
				CLANG_ENABLE_OBJC_WEAK = YES;
				CLANG_WARN_BLOCK_CAPTURE_AUTORELEASING = YES;
				CLANG_WARN_BOOL_CONVERSION = YES;
				CLANG_WARN_COMMA = YES;
				CLANG_WARN_CONSTANT_CONVERSION = YES;
				CLANG_WARN_DEPRECATED_OBJC_IMPLEMENTATIONS = YES;
				CLANG_WARN_DIRECT_OBJC_ISA_USAGE = YES_ERROR;
				CLANG_WARN_DOCUMENTATION_COMMENTS = YES;
				CLANG_WARN_EMPTY_BODY = YES;
				CLANG_WARN_ENUM_CONVERSION = YES;
				CLANG_WARN_INFINITE_RECURSION = YES;
				CLANG_WARN_INT_CONVERSION = YES;
				CLANG_WARN_NON_LITERAL_NULL_CONVERSION = YES;
				CLANG_WARN_OBJC_IMPLICIT_RETAIN_SELF = YES;
				CLANG_WARN_OBJC_LITERAL_CONVERSION = YES;
				CLANG_WARN_OBJC_ROOT_CLASS = YES_ERROR;
				CLANG_WARN_RANGE_LOOP_ANALYSIS = YES;
				CLANG_WARN_STRICT_PROTOTYPES = YES;
				CLANG_WARN_SUSPICIOUS_MOVE = YES;
				CLANG_WARN_UNGUARDED_AVAILABILITY = YES_AGGRESSIVE;
				CLANG_WARN_UNREACHABLE_CODE = YES;
				CLANG_WARN__DUPLICATE_METHOD_MATCH = YES;
				CODE_SIGN_IDENTITY = "iPhone Developer";
				COPY_PHASE_STRIP = NO;
				DEBUG_INFORMATION_FORMAT = "dwarf-with-dsym";
				ENABLE_NS_ASSERTIONS = NO;
				ENABLE_STRICT_OBJC_MSGSEND = YES;
				GCC_C_LANGUAGE_STANDARD = gnu11;
				GCC_NO_COMMON_BLOCKS = YES;
				GCC_WARN_64_TO_32_BIT_CONVERSION = YES;
				GCC_WARN_ABOUT_RETURN_TYPE = YES_ERROR;
				GCC_WARN_UNDECLARED_SELECTOR = YES;
				GCC_WARN_UNINITIALIZED_AUTOS = YES_AGGRESSIVE;
				GCC_WARN_UNUSED_FUNCTION = YES;
				GCC_WARN_UNUSED_VARIABLE = YES;
				IPHONEOS_DEPLOYMENT_TARGET = 12.1;
				MTL_ENABLE_DEBUG_INFO = NO;
				MTL_FAST_MATH = YES;
				SDKROOT = iphoneos;
				SWIFT_COMPILATION_MODE = wholemodule;
				SWIFT_OPTIMIZATION_LEVEL = "-O";
				VALIDATE_PRODUCT = YES;
			};
			name = Release;
		};
		BDF0E57021C8577400B3E5C9 /* Debug */ = {
			isa = XCBuildConfiguration;
			buildSettings = {
				ASSETCATALOG_COMPILER_APPICON_NAME = AppIcon;
				CODE_SIGN_STYLE = Automatic;
				INFOPLIST_FILE = TweetEmotion/Info.plist;
				LD_RUNPATH_SEARCH_PATHS = (
					"$(inherited)",
					"@executable_path/Frameworks",
				);
				PRODUCT_BUNDLE_IDENTIFIER = ricarvalho.TweetEmotion;
				PRODUCT_NAME = "$(TARGET_NAME)";
				SWIFT_VERSION = 4.2;
				TARGETED_DEVICE_FAMILY = "1,2";
			};
			name = Debug;
		};
		BDF0E57121C8577400B3E5C9 /* Release */ = {
			isa = XCBuildConfiguration;
			buildSettings = {
				ASSETCATALOG_COMPILER_APPICON_NAME = AppIcon;
				CODE_SIGN_STYLE = Automatic;
				INFOPLIST_FILE = TweetEmotion/Info.plist;
				LD_RUNPATH_SEARCH_PATHS = (
					"$(inherited)",
					"@executable_path/Frameworks",
				);
				PRODUCT_BUNDLE_IDENTIFIER = ricarvalho.TweetEmotion;
				PRODUCT_NAME = "$(TARGET_NAME)";
				SWIFT_VERSION = 4.2;
				TARGETED_DEVICE_FAMILY = "1,2";
			};
			name = Release;
		};
		BDF0E57321C8577400B3E5C9 /* Debug */ = {
			isa = XCBuildConfiguration;
			buildSettings = {
				ALWAYS_EMBED_SWIFT_STANDARD_LIBRARIES = YES;
				BUNDLE_LOADER = "$(TEST_HOST)";
				CODE_SIGN_STYLE = Automatic;
				INFOPLIST_FILE = TweetEmotionTests/Info.plist;
				LD_RUNPATH_SEARCH_PATHS = (
					"$(inherited)",
					"@executable_path/Frameworks",
					"@loader_path/Frameworks",
				);
				PRODUCT_BUNDLE_IDENTIFIER = ricarvalho.TweetEmotionTests;
				PRODUCT_NAME = "$(TARGET_NAME)";
				SWIFT_VERSION = 4.2;
				TARGETED_DEVICE_FAMILY = "1,2";
				TEST_HOST = "$(BUILT_PRODUCTS_DIR)/TweetEmotion.app/TweetEmotion";
			};
			name = Debug;
		};
		BDF0E57421C8577400B3E5C9 /* Release */ = {
			isa = XCBuildConfiguration;
			buildSettings = {
				ALWAYS_EMBED_SWIFT_STANDARD_LIBRARIES = YES;
				BUNDLE_LOADER = "$(TEST_HOST)";
				CODE_SIGN_STYLE = Automatic;
				INFOPLIST_FILE = TweetEmotionTests/Info.plist;
				LD_RUNPATH_SEARCH_PATHS = (
					"$(inherited)",
					"@executable_path/Frameworks",
					"@loader_path/Frameworks",
				);
				PRODUCT_BUNDLE_IDENTIFIER = ricarvalho.TweetEmotionTests;
				PRODUCT_NAME = "$(TARGET_NAME)";
				SWIFT_VERSION = 4.2;
				TARGETED_DEVICE_FAMILY = "1,2";
				TEST_HOST = "$(BUILT_PRODUCTS_DIR)/TweetEmotion.app/TweetEmotion";
			};
			name = Release;
		};
		BDF0E57621C8577400B3E5C9 /* Debug */ = {
			isa = XCBuildConfiguration;
			buildSettings = {
				ALWAYS_EMBED_SWIFT_STANDARD_LIBRARIES = YES;
				CODE_SIGN_STYLE = Automatic;
				INFOPLIST_FILE = TweetEmotionUITests/Info.plist;
				LD_RUNPATH_SEARCH_PATHS = (
					"$(inherited)",
					"@executable_path/Frameworks",
					"@loader_path/Frameworks",
				);
				PRODUCT_BUNDLE_IDENTIFIER = ricarvalho.TweetEmotionUITests;
				PRODUCT_NAME = "$(TARGET_NAME)";
				SWIFT_VERSION = 4.2;
				TARGETED_DEVICE_FAMILY = "1,2";
				TEST_TARGET_NAME = TweetEmotion;
			};
			name = Debug;
		};
		BDF0E57721C8577400B3E5C9 /* Release */ = {
			isa = XCBuildConfiguration;
			buildSettings = {
				ALWAYS_EMBED_SWIFT_STANDARD_LIBRARIES = YES;
				CODE_SIGN_STYLE = Automatic;
				INFOPLIST_FILE = TweetEmotionUITests/Info.plist;
				LD_RUNPATH_SEARCH_PATHS = (
					"$(inherited)",
					"@executable_path/Frameworks",
					"@loader_path/Frameworks",
				);
				PRODUCT_BUNDLE_IDENTIFIER = ricarvalho.TweetEmotionUITests;
				PRODUCT_NAME = "$(TARGET_NAME)";
				SWIFT_VERSION = 4.2;
				TARGETED_DEVICE_FAMILY = "1,2";
				TEST_TARGET_NAME = TweetEmotion;
			};
			name = Release;
		};
/* End XCBuildConfiguration section */

/* Begin XCConfigurationList section */
		BDF0E53F21C8577200B3E5C9 /* Build configuration list for PBXProject "TweetEmotion" */ = {
			isa = XCConfigurationList;
			buildConfigurations = (
				BDF0E56D21C8577400B3E5C9 /* Debug */,
				BDF0E56E21C8577400B3E5C9 /* Release */,
			);
			defaultConfigurationIsVisible = 0;
			defaultConfigurationName = Release;
		};
		BDF0E56F21C8577400B3E5C9 /* Build configuration list for PBXNativeTarget "TweetEmotion" */ = {
			isa = XCConfigurationList;
			buildConfigurations = (
				BDF0E57021C8577400B3E5C9 /* Debug */,
				BDF0E57121C8577400B3E5C9 /* Release */,
			);
			defaultConfigurationIsVisible = 0;
			defaultConfigurationName = Release;
		};
		BDF0E57221C8577400B3E5C9 /* Build configuration list for PBXNativeTarget "TweetEmotionTests" */ = {
			isa = XCConfigurationList;
			buildConfigurations = (
				BDF0E57321C8577400B3E5C9 /* Debug */,
				BDF0E57421C8577400B3E5C9 /* Release */,
			);
			defaultConfigurationIsVisible = 0;
			defaultConfigurationName = Release;
		};
		BDF0E57521C8577400B3E5C9 /* Build configuration list for PBXNativeTarget "TweetEmotionUITests" */ = {
			isa = XCConfigurationList;
			buildConfigurations = (
				BDF0E57621C8577400B3E5C9 /* Debug */,
				BDF0E57721C8577400B3E5C9 /* Release */,
			);
			defaultConfigurationIsVisible = 0;
			defaultConfigurationName = Release;
		};
/* End XCConfigurationList section */

/* Begin XCVersionGroup section */
		BDF0E54E21C8577200B3E5C9 /* TweetEmotion.xcdatamodeld */ = {
			isa = XCVersionGroup;
			children = (
				BDF0E54F21C8577200B3E5C9 /* TweetEmotion.xcdatamodel */,
			);
			currentVersion = BDF0E54F21C8577200B3E5C9 /* TweetEmotion.xcdatamodel */;
			path = TweetEmotion.xcdatamodeld;
			sourceTree = "<group>";
			versionGroupType = wrapper.xcdatamodel;
		};
/* End XCVersionGroup section */
	};
	rootObject = BDF0E53C21C8577200B3E5C9 /* Project object */;
}
